{
  "name": "redux_loop_server_call_slice_generator",
  "version": "1.0.0",
  "lockfileVersion": 1,
  "requires": true,
  "dependencies": {
    "@types/estree": {
      "version": "0.0.39",
      "resolved": "https://registry.npmjs.org/@types/estree/-/estree-0.0.39.tgz",
      "integrity": "sha512-EYNwp3bU+98cpU4lAWYYL7Zz+2gryWH1qbdDTidVd6hkiR6weksdbMadyXKXNPEkQFhXM+hVO9ZygomHXp+AIw==",
      "dev": true
    },
    "@types/node": {
      "version": "10.10.1",
      "resolved": "https://registry.npmjs.org/@types/node/-/node-10.10.1.tgz",
      "integrity": "sha512-nzsx28VwfaIykfzMAG9TB3jxF5Nn+1/WMKnmVZc8TsB+LMIVvwUscVn7PAq+LFaY5ng5u4jp5mRROSswo76PPA==",
      "dev": true
    },
    "redux-loop": {
      "version": "4.4.1",
      "resolved": "https://registry.npmjs.org/redux-loop/-/redux-loop-4.4.1.tgz",
      "integrity": "sha512-Xvjmna50hBpQajUg5Ej7XBkCbEg7twgCKNeGWUIKQSqT3H2RjlHkDOjTnA3urQBc7Ff5JcAqxgsMr9sgJacDBQ=="
    },
    "reselect": {
      "version": "3.0.1",
      "resolved": "https://registry.npmjs.org/reselect/-/reselect-3.0.1.tgz",
      "integrity": "sha1-79qpjqdFEyTQkrKyFjpqHXqaIUc="
    },
    "rollup": {
      "version": "0.66.1",
      "resolved": "https://registry.npmjs.org/rollup/-/rollup-0.66.1.tgz",
      "integrity": "sha512-s2sEvBveiNzdclUE9wvhMJrsD1XzvO2hOcpvJoo2z6ebLqPYFNM9eXt+aF6ZDjYTzpF58nDofpnqkr5Dkh4yXQ==",
      "dev": true,
      "requires": {
        "@types/estree": "0.0.39",
        "@types/node": "10.10.1"
      }
    }
  }
}
